
Microsoft Visual Studio Solution File, Format Version 12.00
Project("{FAE04EC0-301F-11D3-BF4B-00C04F79EFBC}") = "Fisher.Core", "Fisher.Core\Fisher.Core.csproj", "{1FEA4EA9-AFF8-436B-B5D5-18EE9081AA74}"
EndProject
Project("{FAE04EC0-301F-11D3-BF4B-00C04F79EFBC}") = "Fisher.Infrastructure", "Fisher.Infrastructure\Fisher.Infrastructure.csproj", "{5BDFBF4D-9CBF-4325-81B2-79F3C334D26A}"
EndProject
Project("{FAE04EC0-301F-11D3-BF4B-00C04F79EFBC}") = "Fisher.Api", "Fisher.Api\Fisher.Api.csproj", "{A3D41C5A-0779-4836-B55F-69437B3F12ED}"
EndProject
Global
	GlobalSection(SolutionConfigurationPlatforms) = preSolution
		Debug|Any CPU = Debug|Any CPU
		Release|Any CPU = Release|Any CPU
	EndGlobalSection
	GlobalSection(ProjectConfigurationPlatforms) = postSolution
		{1FEA4EA9-AFF8-436B-B5D5-18EE9081AA74}.Debug|Any CPU.ActiveCfg = Debug|Any CPU
		{1FEA4EA9-AFF8-436B-B5D5-18EE9081AA74}.Debug|Any CPU.Build.0 = Debug|Any CPU
		{1FEA4EA9-AFF8-436B-B5D5-18EE9081AA74}.Release|Any CPU.ActiveCfg = Release|Any CPU
		{1FEA4EA9-AFF8-436B-B5D5-18EE9081AA74}.Release|Any CPU.Build.0 = Release|Any CPU
		{5BDFBF4D-9CBF-4325-81B2-79F3C334D26A}.Debug|Any CPU.ActiveCfg = Debug|Any CPU
		{5BDFBF4D-9CBF-4325-81B2-79F3C334D26A}.Debug|Any CPU.Build.0 = Debug|Any CPU
		{5BDFBF4D-9CBF-4325-81B2-79F3C334D26A}.Release|Any CPU.ActiveCfg = Release|Any CPU
		{5BDFBF4D-9CBF-4325-81B2-79F3C334D26A}.Release|Any CPU.Build.0 = Release|Any CPU
		{A3D41C5A-0779-4836-B55F-69437B3F12ED}.Debug|Any CPU.ActiveCfg = Debug|Any CPU
		{A3D41C5A-0779-4836-B55F-69437B3F12ED}.Debug|Any CPU.Build.0 = Debug|Any CPU
		{A3D41C5A-0779-4836-B55F-69437B3F12ED}.Release|Any CPU.ActiveCfg = Release|Any CPU
		{A3D41C5A-0779-4836-B55F-69437B3F12ED}.Release|Any CPU.Build.0 = Release|Any CPU
	EndGlobalSection
EndGlobal
